
Microsoft Visual Studio Solution File, Format Version 12.00
# Visual Studio 15
VisualStudioVersion = 15.0.27703.2047
MinimumVisualStudioVersion = 10.0.40219.1
Project("{FAE04EC0-301F-11D3-BF4B-00C04F79EFBC}") = "dirtyFlag2", "dirtyFlag2\dirtyFlag2.csproj", "{BB10F170-FA30-433C-831D-C841E2201FE7}"
EndProject
Global
	GlobalSection(SolutionConfigurationPlatforms) = preSolution
		Debug|Any CPU = Debug|Any CPU
		Release|Any CPU = Release|Any CPU
	EndGlobalSection
	GlobalSection(ProjectConfigurationPlatforms) = postSolution
		{BB10F170-FA30-433C-831D-C841E2201FE7}.Debug|Any CPU.ActiveCfg = Debug|Any CPU
		{BB10F170-FA30-433C-831D-C841E2201FE7}.Debug|Any CPU.Build.0 = Debug|Any CPU
		{BB10F170-FA30-433C-831D-C841E2201FE7}.Release|Any CPU.ActiveCfg = Release|Any CPU
		{BB10F170-FA30-433C-831D-C841E2201FE7}.Release|Any CPU.Build.0 = Release|Any CPU
	EndGlobalSection
	GlobalSection(SolutionProperties) = preSolution
		HideSolutionNode = FALSE
	EndGlobalSection
	GlobalSection(ExtensibilityGlobals) = postSolution
		SolutionGuid = {218328B7-606D-4FE4-874A-C2541FE0C4C2}
	EndGlobalSection
EndGlobal
